{
  "nodes": {
    "nixpkgs": {
      "locked": {
        "lastModified": 1785147654,
        "narHash": "sha256-IaMPNEiW7ehnJp6ixlk3B2aMbYHtlzLAH99qUTtzpa8=",
        "owner": "NixOS",
        "repo": "nixpkgs",
        "rev": "ceb816893b42a61706e28279f75867855d04eaae",
        "type": "github"
      },
      "original": {
        "owner": "NixOS",
        "repo": "nixpkgs",
        "rev": "ceb816893b42a61706e28279f75867855d04eaae",
        "type": "github"
      }
    },
    "root": {
      "inputs": {
        "nixpkgs": "nixpkgs"
      }
    }
  },
  "root": "root",
  "version": 7
}
